
Microsoft Visual Studio Solution File, Format Version 12.00
# Visual Studio Version 17
VisualStudioVersion = 17.4.33103.184
MinimumVisualStudioVersion = 10.0.40219.1
Project("{9A19103F-16F7-4668-BE54-9A1E7A4F7556}") = "QinRSS", "QinRSS\QinRSS.csproj", "{FBBA8560-05E9-4FCF-BBB9-4A71B2B90D5E}"
EndProject
Global
	GlobalSection(SolutionConfigurationPlatforms) = preSolution
		Debug|Any CPU = Debug|Any CPU
		Release|Any CPU = Release|Any CPU
	EndGlobalSection
	GlobalSection(ProjectConfigurationPlatforms) = postSolution
		{FBBA8560-05E9-4FCF-BBB9-4A71B2B90D5E}.Debug|Any CPU.ActiveCfg = Debug|Any CPU
		{FBBA8560-05E9-4FCF-BBB9-4A71B2B90D5E}.Debug|Any CPU.Build.0 = Debug|Any CPU
		{FBBA8560-05E9-4FCF-BBB9-4A71B2B90D5E}.Release|Any CPU.ActiveCfg = Release|Any CPU
		{FBBA8560-05E9-4FCF-BBB9-4A71B2B90D5E}.Release|Any CPU.Build.0 = Release|Any CPU
	EndGlobalSection
	GlobalSection(SolutionProperties) = preSolution
		HideSolutionNode = FALSE
	EndGlobalSection
	GlobalSection(ExtensibilityGlobals) = postSolution
		SolutionGuid = {7AD9F6B9-816A-47BE-90DD-C5F85D8A55EA}
	EndGlobalSection
EndGlobal
